// !$*UTF8*$!
{
	archiveVersion = 1;
	classes = {
	};
	objectVersion = 56;
	objects = {

/* Begin PBXBuildFile section */
		2BC2FF1C2CEE54E70081D5BC /* Guess_The_TVSHOWApp.swift in Sources */ = {isa = PBXBuildFile; fileRef = 2BC2FF1B2CEE54E70081D5BC /* Guess_The_TVSHOWApp.swift */; };
		2BC2FF1E2CEE54E70081D5BC /* ContentView.swift in Sources */ = {isa = PBXBuildFile; fileRef = 2BC2FF1D2CEE54E70081D5BC /* ContentView.swift */; };
		2BC2FF202CEE54EB0081D5BC /* Assets.xcassets in Resources */ = {isa = PBXBuildFile; fileRef = 2BC2FF1F2CEE54EB0081D5BC /* Assets.xcassets */; };
		2BC2FF232CEE54EB0081D5BC /* Preview Assets.xcassets in Resources */ = {isa = PBXBuildFile; fileRef = 2BC2FF222CEE54EB0081D5BC /* Preview Assets.xcassets */; };
		2BC2FF2D2CEE54EB0081D5BC /* Guess_The_TVSHOWTests.swift in Sources */ = {isa = PBXBuildFile; fileRef = 2BC2FF2C2CEE54EB0081D5BC /* Guess_The_TVSHOWTests.swift */; };
		2BC2FF372CEE54EC0081D5BC /* Guess_The_TVSHOWUITests.swift in Sources */ = {isa = PBXBuildFile; fileRef = 2BC2FF362CEE54EC0081D5BC /* Guess_The_TVSHOWUITests.swift */; };
		2BC2FF392CEE54EC0081D5BC /* Guess_The_TVSHOWUITestsLaunchTests.swift in Sources */ = {isa = PBXBuildFile; fileRef = 2BC2FF382CEE54EC0081D5BC /* Guess_The_TVSHOWUITestsLaunchTests.swift */; };
/* End PBXBuildFile section */

/* Begin PBXContainerItemProxy section */
		2BC2FF292CEE54EB0081D5BC /* PBXContainerItemProxy */ = {
			isa = PBXContainerItemProxy;
			containerPortal = 2BC2FF102CEE54E70081D5BC /* Project object */;
			proxyType = 1;
			remoteGlobalIDString = 2BC2FF172CEE54E70081D5BC;
			remoteInfo = "Guess The TVSHOW";
		};
		2BC2FF332CEE54EC0081D5BC /* PBXContainerItemProxy */ = {
			isa = PBXContainerItemProxy;
			containerPortal = 2BC2FF102CEE54E70081D5BC /* Project object */;
			proxyType = 1;
			remoteGlobalIDString = 2BC2FF172CEE54E70081D5BC;
			remoteInfo = "Guess The TVSHOW";
		};
/* End PBXContainerItemProxy section */

/* Begin PBXFileReference section */
		2BC2FF182CEE54E70081D5BC /* Guess The TVSHOW.app */ = {isa = PBXFileReference; explicitFileType = wrapper.application; includeInIndex = 0; path = "Guess The TVSHOW.app"; sourceTree = BUILT_PRODUCTS_DIR; };
		2BC2FF1B2CEE54E70081D5BC /* Guess_The_TVSHOWApp.swift */ = {isa = PBXFileReference; lastKnownFileType = sourcecode.swift; path = Guess_The_TVSHOWApp.swift; sourceTree = "<group>"; };
		2BC2FF1D2CEE54E70081D5BC /* ContentView.swift */ = {isa = PBXFileReference; lastKnownFileType = sourcecode.swift; path = ContentView.swift; sourceTree = "<group>"; };
		2BC2FF1F2CEE54EB0081D5BC /* Assets.xcassets */ = {isa = PBXFileReference; lastKnownFileType = folder.assetcatalog; path = Assets.xcassets; sourceTree = "<group>"; };
		2BC2FF222CEE54EB0081D5BC /* Preview Assets.xcassets */ = {isa = PBXFileReference; lastKnownFileType = folder.assetcatalog; path = "Preview Assets.xcassets"; sourceTree = "<group>"; };
		2BC2FF282CEE54EB0081D5BC /* Guess The TVSHOWTests.xctest */ = {isa = PBXFileReference; explicitFileType = wrapper.cfbundle; includeInIndex = 0; path = "Guess The TVSHOWTests.xctest"; sourceTree = BUILT_PRODUCTS_DIR; };
		2BC2FF2C2CEE54EB0081D5BC /* Guess_The_TVSHOWTests.swift */ = {isa = PBXFileReference; lastKnownFileType = sourcecode.swift; path = Guess_The_TVSHOWTests.swift; sourceTree = "<group>"; };
		2BC2FF322CEE54EC0081D5BC /* Guess The TVSHOWUITests.xctest */ = {isa = PBXFileReference; explicitFileType = wrapper.cfbundle; includeInIndex = 0; path = "Guess The TVSHOWUITests.xctest"; sourceTree = BUILT_PRODUCTS_DIR; };
		2BC2FF362CEE54EC0081D5BC /* Guess_The_TVSHOWUITests.swift */ = {isa = PBXFileReference; lastKnownFileType = sourcecode.swift; path = Guess_The_TVSHOWUITests.swift; sourceTree = "<group>"; };
		2BC2FF382CEE54EC0081D5BC /* Guess_The_TVSHOWUITestsLaunchTests.swift */ = {isa = PBXFileReference; lastKnownFileType = sourcecode.swift; path = Guess_The_TVSHOWUITestsLaunchTests.swift; sourceTree = "<group>"; };
/* End PBXFileReference section */

/* Begin PBXFrameworksBuildPhase section */
		2BC2FF152CEE54E70081D5BC /* Frameworks */ = {
			isa = PBXFrameworksBuildPhase;
			buildActionMask = 2147483647;
			files = (
			);
			runOnlyForDeploymentPostprocessing = 0;
		};
		2BC2FF252CEE54EB0081D5BC /* Frameworks */ = {
			isa = PBXFrameworksBuildPhase;
			buildActionMask = 2147483647;
			files = (
			);
			runOnlyForDeploymentPostprocessing = 0;
		};
		2BC2FF2F2CEE54EC0081D5BC /* Frameworks */ = {
			isa = PBXFrameworksBuildPhase;
			buildActionMask = 2147483647;
			files = (
			);
			runOnlyForDeploymentPostprocessing = 0;
		};
/* End PBXFrameworksBuildPhase section */

/* Begin PBXGroup section */
		2BC2FF0F2CEE54E70081D5BC = {
			isa = PBXGroup;
			children = (
				2BC2FF1A2CEE54E70081D5BC /* Guess The TVSHOW */,
				2BC2FF2B2CEE54EB0081D5BC /* Guess The TVSHOWTests */,
				2BC2FF352CEE54EC0081D5BC /* Guess The TVSHOWUITests */,
				2BC2FF192CEE54E70081D5BC /* Products */,
			);
			sourceTree = "<group>";
		};
		2BC2FF192CEE54E70081D5BC /* Products */ = {
			isa = PBXGroup;
			children = (
				2BC2FF182CEE54E70081D5BC /* Guess The TVSHOW.app */,
				2BC2FF282CEE54EB0081D5BC /* Guess The TVSHOWTests.xctest */,
				2BC2FF322CEE54EC0081D5BC /* Guess The TVSHOWUITests.xctest */,
			);
			name = Products;
			sourceTree = "<group>";
		};
		2BC2FF1A2CEE54E70081D5BC /* Guess The TVSHOW */ = {
			isa = PBXGroup;
			children = (
				2BC2FF1B2CEE54E70081D5BC /* Guess_The_TVSHOWApp.swift */,
				2BC2FF1D2CEE54E70081D5BC /* ContentView.swift */,
				2BC2FF1F2CEE54EB0081D5BC /* Assets.xcassets */,
				2BC2FF212CEE54EB0081D5BC /* Preview Content */,
			);
			path = "Guess The TVSHOW";
			sourceTree = "<group>";
		};
		2BC2FF212CEE54EB0081D5BC /* Preview Content */ = {
			isa = PBXGroup;
			children = (
				2BC2FF222CEE54EB0081D5BC /* Preview Assets.xcassets */,
			);
			path = "Preview Content";
			sourceTree = "<group>";
		};
		2BC2FF2B2CEE54EB0081D5BC /* Guess The TVSHOWTests */ = {
			isa = PBXGroup;
			children = (
				2BC2FF2C2CEE54EB0081D5BC /* Guess_The_TVSHOWTests.swift */,
			);
			path = "Guess The TVSHOWTests";
			sourceTree = "<group>";
		};
		2BC2FF352CEE54EC0081D5BC /* Guess The TVSHOWUITests */ = {
			isa = PBXGroup;
			children = (
				2BC2FF362CEE54EC0081D5BC /* Guess_The_TVSHOWUITests.swift */,
				2BC2FF382CEE54EC0081D5BC /* Guess_The_TVSHOWUITestsLaunchTests.swift */,
			);
			path = "Guess The TVSHOWUITests";
			sourceTree = "<group>";
		};
/* End PBXGroup section */

/* Begin PBXNativeTarget section */
		2BC2FF172CEE54E70081D5BC /* Guess The TVSHOW */ = {
			isa = PBXNativeTarget;
			buildConfigurationList = 2BC2FF3C2CEE54EC0081D5BC /* Build configuration list for PBXNativeTarget "Guess The TVSHOW" */;
			buildPhases = (
				2BC2FF142CEE54E70081D5BC /* Sources */,
				2BC2FF152CEE54E70081D5BC /* Frameworks */,
				2BC2FF162CEE54E70081D5BC /* Resources */,
			);
			buildRules = (
			);
			dependencies = (
			);
			name = "Guess The TVSHOW";
			productName = "Guess The TVSHOW";
			productReference = 2BC2FF182CEE54E70081D5BC /* Guess The TVSHOW.app */;
			productType = "com.apple.product-type.application";
		};
		2BC2FF272CEE54EB0081D5BC /* Guess The TVSHOWTests */ = {
			isa = PBXNativeTarget;
			buildConfigurationList = 2BC2FF3F2CEE54EC0081D5BC /* Build configuration list for PBXNativeTarget "Guess The TVSHOWTests" */;
			buildPhases = (
				2BC2FF242CEE54EB0081D5BC /* Sources */,
				2BC2FF252CEE54EB0081D5BC /* Frameworks */,
				2BC2FF262CEE54EB0081D5BC /* Resources */,
			);
			buildRules = (
			);
			dependencies = (
				2BC2FF2A2CEE54EB0081D5BC /* PBXTargetDependency */,
			);
			name = "Guess The TVSHOWTests";
			productName = "Guess The TVSHOWTests";
			productReference = 2BC2FF282CEE54EB0081D5BC /* Guess The TVSHOWTests.xctest */;
			productType = "com.apple.product-type.bundle.unit-test";
		};
		2BC2FF312CEE54EC0081D5BC /* Guess The TVSHOWUITests */ = {
			isa = PBXNativeTarget;
			buildConfigurationList = 2BC2FF422CEE54EC0081D5BC /* Build configuration list for PBXNativeTarget "Guess The TVSHOWUITests" */;
			buildPhases = (
				2BC2FF2E2CEE54EC0081D5BC /* Sources */,
				2BC2FF2F2CEE54EC0081D5BC /* Frameworks */,
				2BC2FF302CEE54EC0081D5BC /* Resources */,
			);
			buildRules = (
			);
			dependencies = (
				2BC2FF342CEE54EC0081D5BC /* PBXTargetDependency */,
			);
			name = "Guess The TVSHOWUITests";
			productName = "Guess The TVSHOWUITests";
			productReference = 2BC2FF322CEE54EC0081D5BC /* Guess The TVSHOWUITests.xctest */;
			productType = "com.apple.product-type.bundle.ui-testing";
		};
/* End PBXNativeTarget section */

/* Begin PBXProject section */
		2BC2FF102CEE54E70081D5BC /* Project object */ = {
			isa = PBXProject;
			attributes = {
				BuildIndependentTargetsInParallel = 1;
				LastSwiftUpdateCheck = 1500;
				LastUpgradeCheck = 1500;
				TargetAttributes = {
					2BC2FF172CEE54E70081D5BC = {
						CreatedOnToolsVersion = 15.0.1;
					};
					2BC2FF272CEE54EB0081D5BC = {
						CreatedOnToolsVersion = 15.0.1;
						TestTargetID = 2BC2FF172CEE54E70081D5BC;
					};
					2BC2FF312CEE54EC0081D5BC = {
						CreatedOnToolsVersion = 15.0.1;
						TestTargetID = 2BC2FF172CEE54E70081D5BC;
					};
				};
			};
			buildConfigurationList = 2BC2FF132CEE54E70081D5BC /* Build configuration list for PBXProject "Guess The TVSHOW" */;
			compatibilityVersion = "Xcode 14.0";
			developmentRegion = en;
			hasScannedForEncodings = 0;
			knownRegions = (
				en,
				Base,
			);
			mainGroup = 2BC2FF0F2CEE54E70081D5BC;
			productRefGroup = 2BC2FF192CEE54E70081D5BC /* Products */;
			projectDirPath = "";
			projectRoot = "";
			targets = (
				2BC2FF172CEE54E70081D5BC /* Guess The TVSHOW */,
				2BC2FF272CEE54EB0081D5BC /* Guess The TVSHOWTests */,
				2BC2FF312CEE54EC0081D5BC /* Guess The TVSHOWUITests */,
			);
		};
/* End PBXProject section */

/* Begin PBXResourcesBuildPhase section */
		2BC2FF162CEE54E70081D5BC /* Resources */ = {
			isa = PBXResourcesBuildPhase;
			buildActionMask = 2147483647;
			files = (
				2BC2FF232CEE54EB0081D5BC /* Preview Assets.xcassets in Resources */,
				2BC2FF202CEE54EB0081D5BC /* Assets.xcassets in Resources */,
			);
			runOnlyForDeploymentPostprocessing = 0;
		};
		2BC2FF262CEE54EB0081D5BC /* Resources */ = {
			isa = PBXResourcesBuildPhase;
			buildActionMask = 2147483647;
			files = (
			);
			runOnlyForDeploymentPostprocessing = 0;
		};
		2BC2FF302CEE54EC0081D5BC /* Resources */ = {
			isa = PBXResourcesBuildPhase;
			buildActionMask = 2147483647;
			files = (
			);
			runOnlyForDeploymentPostprocessing = 0;
		};
/* End PBXResourcesBuildPhase section */

/* Begin PBXSourcesBuildPhase section */
		2BC2FF142CEE54E70081D5BC /* Sources */ = {
			isa = PBXSourcesBuildPhase;
			buildActionMask = 2147483647;
			files = (
				2BC2FF1E2CEE54E70081D5BC /* ContentView.swift in Sources */,
				2BC2FF1C2CEE54E70081D5BC /* Guess_The_TVSHOWApp.swift in Sources */,
			);
			runOnlyForDeploymentPostprocessing = 0;
		};
		2BC2FF242CEE54EB0081D5BC /* Sources */ = {
			isa = PBXSourcesBuildPhase;
			buildActionMask = 2147483647;
			files = (
				2BC2FF2D2CEE54EB0081D5BC /* Guess_The_TVSHOWTests.swift in Sources */,
			);
			runOnlyForDeploymentPostprocessing = 0;
		};
		2BC2FF2E2CEE54EC0081D5BC /* Sources */ = {
			isa = PBXSourcesBuildPhase;
			buildActionMask = 2147483647;
			files = (
				2BC2FF372CEE54EC0081D5BC /* Guess_The_TVSHOWUITests.swift in Sources */,
				2BC2FF392CEE54EC0081D5BC /* Guess_The_TVSHOWUITestsLaunchTests.swift in Sources */,
			);
			runOnlyForDeploymentPostprocessing = 0;
		};
/* End PBXSourcesBuildPhase section */

/* Begin PBXTargetDependency section */
		2BC2FF2A2CEE54EB0081D5BC /* PBXTargetDependency */ = {
			isa = PBXTargetDependency;
			target = 2BC2FF172CEE54E70081D5BC /* Guess The TVSHOW */;
			targetProxy = 2BC2FF292CEE54EB0081D5BC /* PBXContainerItemProxy */;
		};
		2BC2FF342CEE54EC0081D5BC /* PBXTargetDependency */ = {
			isa = PBXTargetDependency;
			target = 2BC2FF172CEE54E70081D5BC /* Guess The TVSHOW */;
			targetProxy = 2BC2FF332CEE54EC0081D5BC /* PBXContainerItemProxy */;
		};
/* End PBXTargetDependency section */

/* Begin XCBuildConfiguration section */
		2BC2FF3A2CEE54EC0081D5BC /* Debug */ = {
			isa = XCBuildConfiguration;
			buildSettings = {
				ALWAYS_SEARCH_USER_PATHS = NO;
				ASSETCATALOG_COMPILER_GENERATE_SWIFT_ASSET_SYMBOL_EXTENSIONS = YES;
				CLANG_ANALYZER_NONNULL = YES;
				CLANG_ANALYZER_NUMBER_OBJECT_CONVERSION = YES_AGGRESSIVE;
				CLANG_CXX_LANGUAGE_STANDARD = "gnu++20";
				CLANG_ENABLE_MODULES = YES;
				CLANG_ENABLE_OBJC_ARC = YES;
				CLANG_ENABLE_OBJC_WEAK = YES;
				CLANG_WARN_BLOCK_CAPTURE_AUTORELEASING = YES;
				CLANG_WARN_BOOL_CONVERSION = YES;
				CLANG_WARN_COMMA = YES;
				CLANG_WARN_CONSTANT_CONVERSION = YES;
				CLANG_WARN_DEPRECATED_OBJC_IMPLEMENTATIONS = YES;
				CLANG_WARN_DIRECT_OBJC_ISA_USAGE = YES_ERROR;
				CLANG_WARN_DOCUMENTATION_COMMENTS = YES;
				CLANG_WARN_EMPTY_BODY = YES;
				CLANG_WARN_ENUM_CONVERSION = YES;
				CLANG_WARN_INFINITE_RECURSION = YES;
				CLANG_WARN_INT_CONVERSION = YES;
				CLANG_WARN_NON_LITERAL_NULL_CONVERSION = YES;
				CLANG_WARN_OBJC_IMPLICIT_RETAIN_SELF = YES;
				CLANG_WARN_OBJC_LITERAL_CONVERSION = YES;
				CLANG_WARN_OBJC_ROOT_CLASS = YES_ERROR;
				CLANG_WARN_QUOTED_INCLUDE_IN_FRAMEWORK_HEADER = YES;
				CLANG_WARN_RANGE_LOOP_ANALYSIS = YES;
				CLANG_WARN_STRICT_PROTOTYPES = YES;
				CLANG_WARN_SUSPICIOUS_MOVE = YES;
				CLANG_WARN_UNGUARDED_AVAILABILITY = YES_AGGRESSIVE;
				CLANG_WARN_UNREACHABLE_CODE = YES;
				CLANG_WARN__DUPLICATE_METHOD_MATCH = YES;
				COPY_PHASE_STRIP = NO;
				DEBUG_INFORMATION_FORMAT = dwarf;
				ENABLE_STRICT_OBJC_MSGSEND = YES;
				ENABLE_TESTABILITY = YES;
				ENABLE_USER_SCRIPT_SANDBOXING = YES;
				GCC_C_LANGUAGE_STANDARD = gnu17;
				GCC_DYNAMIC_NO_PIC = NO;
				GCC_NO_COMMON_BLOCKS = YES;
				GCC_OPTIMIZATION_LEVEL = 0;
				GCC_PREPROCESSOR_DEFINITIONS = (
					"DEBUG=1",
					"$(inherited)",
				);
				GCC_WARN_64_TO_32_BIT_CONVERSION = YES;
				GCC_WARN_ABOUT_RETURN_TYPE = YES_ERROR;
				GCC_WARN_UNDECLARED_SELECTOR = YES;
				GCC_WARN_UNINITIALIZED_AUTOS = YES_AGGRESSIVE;
				GCC_WARN_UNUSED_FUNCTION = YES;
				GCC_WARN_UNUSED_VARIABLE = YES;
				IPHONEOS_DEPLOYMENT_TARGET = 17.0;
				LOCALIZATION_PREFERS_STRING_CATALOGS = YES;
				MTL_ENABLE_DEBUG_INFO = INCLUDE_SOURCE;
				MTL_FAST_MATH = YES;
				ONLY_ACTIVE_ARCH = YES;
				SDKROOT = iphoneos;
				SWIFT_ACTIVE_COMPILATION_CONDITIONS = "DEBUG $(inherited)";
				SWIFT_OPTIMIZATION_LEVEL = "-Onone";
			};
			name = Debug;
		};
		2BC2FF3B2CEE54EC0081D5BC /* Release */ = {
			isa = XCBuildConfiguration;
			buildSettings = {
				ALWAYS_SEARCH_USER_PATHS = NO;
				ASSETCATALOG_COMPILER_GENERATE_SWIFT_ASSET_SYMBOL_EXTENSIONS = YES;
				CLANG_ANALYZER_NONNULL = YES;
				CLANG_ANALYZER_NUMBER_OBJECT_CONVERSION = YES_AGGRESSIVE;
				CLANG_CXX_LANGUAGE_STANDARD = "gnu++20";
				CLANG_ENABLE_MODULES = YES;
				CLANG_ENABLE_OBJC_ARC = YES;
				CLANG_ENABLE_OBJC_WEAK = YES;
				CLANG_WARN_BLOCK_CAPTURE_AUTORELEASING = YES;
				CLANG_WARN_BOOL_CONVERSION = YES;
				CLANG_WARN_COMMA = YES;
				CLANG_WARN_CONSTANT_CONVERSION = YES;
				CLANG_WARN_DEPRECATED_OBJC_IMPLEMENTATIONS = YES;
				CLANG_WARN_DIRECT_OBJC_ISA_USAGE = YES_ERROR;
				CLANG_WARN_DOCUMENTATION_COMMENTS = YES;
				CLANG_WARN_EMPTY_BODY = YES;
				CLANG_WARN_ENUM_CONVERSION = YES;
				CLANG_WARN_INFINITE_RECURSION = YES;
				CLANG_WARN_INT_CONVERSION = YES;
				CLANG_WARN_NON_LITERAL_NULL_CONVERSION = YES;
				CLANG_WARN_OBJC_IMPLICIT_RETAIN_SELF = YES;
				CLANG_WARN_OBJC_LITERAL_CONVERSION = YES;
				CLANG_WARN_OBJC_ROOT_CLASS = YES_ERROR;
				CLANG_WARN_QUOTED_INCLUDE_IN_FRAMEWORK_HEADER = YES;
				CLANG_WARN_RANGE_LOOP_ANALYSIS = YES;
				CLANG_WARN_STRICT_PROTOTYPES = YES;
				CLANG_WARN_SUSPICIOUS_MOVE = YES;
				CLANG_WARN_UNGUARDED_AVAILABILITY = YES_AGGRESSIVE;
				CLANG_WARN_UNREACHABLE_CODE = YES;
				CLANG_WARN__DUPLICATE_METHOD_MATCH = YES;
				COPY_PHASE_STRIP = NO;
				DEBUG_INFORMATION_FORMAT = "dwarf-with-dsym";
				ENABLE_NS_ASSERTIONS = NO;
				ENABLE_STRICT_OBJC_MSGSEND = YES;
				ENABLE_USER_SCRIPT_SANDBOXING = YES;
				GCC_C_LANGUAGE_STANDARD = gnu17;
				GCC_NO_COMMON_BLOCKS = YES;
				GCC_WARN_64_TO_32_BIT_CONVERSION = YES;
				GCC_WARN_ABOUT_RETURN_TYPE = YES_ERROR;
				GCC_WARN_UNDECLARED_SELECTOR = YES;
				GCC_WARN_UNINITIALIZED_AUTOS = YES_AGGRESSIVE;
				GCC_WARN_UNUSED_FUNCTION = YES;
				GCC_WARN_UNUSED_VARIABLE = YES;
				IPHONEOS_DEPLOYMENT_TARGET = 17.0;
				LOCALIZATION_PREFERS_STRING_CATALOGS = YES;
				MTL_ENABLE_DEBUG_INFO = NO;
				MTL_FAST_MATH = YES;
				SDKROOT = iphoneos;
				SWIFT_COMPILATION_MODE = wholemodule;
				VALIDATE_PRODUCT = YES;
			};
			name = Release;
		};
		2BC2FF3D2CEE54EC0081D5BC /* Debug */ = {
			isa = XCBuildConfiguration;
			buildSettings = {
				ASSETCATALOG_COMPILER_APPICON_NAME = AppIcon;
				ASSETCATALOG_COMPILER_GLOBAL_ACCENT_COLOR_NAME = AccentColor;
				CODE_SIGN_STYLE = Automatic;
				CURRENT_PROJECT_VERSION = 1;
				DEVELOPMENT_ASSET_PATHS = "\"Guess The TVSHOW/Preview Content\"";
				DEVELOPMENT_TEAM = F36H73QX42;
				ENABLE_PREVIEWS = YES;
				GENERATE_INFOPLIST_FILE = YES;
				INFOPLIST_KEY_UIApplicationSceneManifest_Generation = YES;
				INFOPLIST_KEY_UIApplicationSupportsIndirectInputEvents = YES;
				INFOPLIST_KEY_UILaunchScreen_Generation = YES;
				INFOPLIST_KEY_UISupportedInterfaceOrientations_iPad = "UIInterfaceOrientationPortrait UIInterfaceOrientationPortraitUpsideDown UIInterfaceOrientationLandscapeLeft UIInterfaceOrientationLandscapeRight";
				INFOPLIST_KEY_UISupportedInterfaceOrientations_iPhone = "UIInterfaceOrientationPortrait UIInterfaceOrientationLandscapeLeft UIInterfaceOrientationLandscapeRight";
				LD_RUNPATH_SEARCH_PATHS = (
					"$(inherited)",
					"@executable_path/Frameworks",
				);
				MARKETING_VERSION = 1.0;
				PRODUCT_BUNDLE_IDENTIFIER = "com.new.Guess-The-TVSHOW";
				PRODUCT_NAME = "$(TARGET_NAME)";
				SWIFT_EMIT_LOC_STRINGS = YES;
				SWIFT_VERSION = 5.0;
				TARGETED_DEVICE_FAMILY = "1,2";
			};
			name = Debug;
		};
		2BC2FF3E2CEE54EC0081D5BC /* Release */ = {
			isa = XCBuildConfiguration;
			buildSettings = {
				ASSETCATALOG_COMPILER_APPICON_NAME = AppIcon;
				ASSETCATALOG_COMPILER_GLOBAL_ACCENT_COLOR_NAME = AccentColor;
				CODE_SIGN_STYLE = Automatic;
				CURRENT_PROJECT_VERSION = 1;
				DEVELOPMENT_ASSET_PATHS = "\"Guess The TVSHOW/Preview Content\"";
				DEVELOPMENT_TEAM = F36H73QX42;
				ENABLE_PREVIEWS = YES;
				GENERATE_INFOPLIST_FILE = YES;
				INFOPLIST_KEY_UIApplicationSceneManifest_Generation = YES;
				INFOPLIST_KEY_UIApplicationSupportsIndirectInputEvents = YES;
				INFOPLIST_KEY_UILaunchScreen_Generation = YES;
				INFOPLIST_KEY_UISupportedInterfaceOrientations_iPad = "UIInterfaceOrientationPortrait UIInterfaceOrientationPortraitUpsideDown UIInterfaceOrientationLandscapeLeft UIInterfaceOrientationLandscapeRight";
				INFOPLIST_KEY_UISupportedInterfaceOrientations_iPhone = "UIInterfaceOrientationPortrait UIInterfaceOrientationLandscapeLeft UIInterfaceOrientationLandscapeRight";
				LD_RUNPATH_SEARCH_PATHS = (
					"$(inherited)",
					"@executable_path/Frameworks",
				);
				MARKETING_VERSION = 1.0;
				PRODUCT_BUNDLE_IDENTIFIER = "com.new.Guess-The-TVSHOW";
				PRODUCT_NAME = "$(TARGET_NAME)";
				SWIFT_EMIT_LOC_STRINGS = YES;
				SWIFT_VERSION = 5.0;
				TARGETED_DEVICE_FAMILY = "1,2";
			};
			name = Release;
		};
		2BC2FF402CEE54EC0081D5BC /* Debug */ = {
			isa = XCBuildConfiguration;
			buildSettings = {
				ALWAYS_EMBED_SWIFT_STANDARD_LIBRARIES = YES;
				BUNDLE_LOADER = "$(TEST_HOST)";
				CODE_SIGN_STYLE = Automatic;
				CURRENT_PROJECT_VERSION = 1;
				DEVELOPMENT_TEAM = F36H73QX42;
				GENERATE_INFOPLIST_FILE = YES;
				IPHONEOS_DEPLOYMENT_TARGET = 17.0;
				MARKETING_VERSION = 1.0;
				PRODUCT_BUNDLE_IDENTIFIER = "com.new.Guess-The-TVSHOWTests";
				PRODUCT_NAME = "$(TARGET_NAME)";
				SWIFT_EMIT_LOC_STRINGS = NO;
				SWIFT_VERSION = 5.0;
				TARGETED_DEVICE_FAMILY = "1,2";
				TEST_HOST = "$(BUILT_PRODUCTS_DIR)/Guess The TVSHOW.app/$(BUNDLE_EXECUTABLE_FOLDER_PATH)/Guess The TVSHOW";
			};
			name = Debug;
		};
		2BC2FF412CEE54EC0081D5BC /* Release */ = {
			isa = XCBuildConfiguration;
			buildSettings = {
				ALWAYS_EMBED_SWIFT_STANDARD_LIBRARIES = YES;
				BUNDLE_LOADER = "$(TEST_HOST)";
				CODE_SIGN_STYLE = Automatic;
				CURRENT_PROJECT_VERSION = 1;
				DEVELOPMENT_TEAM = F36H73QX42;
				GENERATE_INFOPLIST_FILE = YES;
				IPHONEOS_DEPLOYMENT_TARGET = 17.0;
				MARKETING_VERSION = 1.0;
				PRODUCT_BUNDLE_IDENTIFIER = "com.new.Guess-The-TVSHOWTests";
				PRODUCT_NAME = "$(TARGET_NAME)";
				SWIFT_EMIT_LOC_STRINGS = NO;
				SWIFT_VERSION = 5.0;
				TARGETED_DEVICE_FAMILY = "1,2";
				TEST_HOST = "$(BUILT_PRODUCTS_DIR)/Guess The TVSHOW.app/$(BUNDLE_EXECUTABLE_FOLDER_PATH)/Guess The TVSHOW";
			};
			name = Release;
		};
		2BC2FF432CEE54EC0081D5BC /* Debug */ = {
			isa = XCBuildConfiguration;
			buildSettings = {
				ALWAYS_EMBED_SWIFT_STANDARD_LIBRARIES = YES;
				CODE_SIGN_STYLE = Automatic;
				CURRENT_PROJECT_VERSION = 1;
				DEVELOPMENT_TEAM = F36H73QX42;
				GENERATE_INFOPLIST_FILE = YES;
				MARKETING_VERSION = 1.0;
				PRODUCT_BUNDLE_IDENTIFIER = "com.new.Guess-The-TVSHOWUITests";
				PRODUCT_NAME = "$(TARGET_NAME)";
				SWIFT_EMIT_LOC_STRINGS = NO;
				SWIFT_VERSION = 5.0;
				TARGETED_DEVICE_FAMILY = "1,2";
				TEST_TARGET_NAME = "Guess The TVSHOW";
			};
			name = Debug;
		};
		2BC2FF442CEE54EC0081D5BC /* Release */ = {
			isa = XCBuildConfiguration;
			buildSettings = {
				ALWAYS_EMBED_SWIFT_STANDARD_LIBRARIES = YES;
				CODE_SIGN_STYLE = Automatic;
				CURRENT_PROJECT_VERSION = 1;
				DEVELOPMENT_TEAM = F36H73QX42;
				GENERATE_INFOPLIST_FILE = YES;
				MARKETING_VERSION = 1.0;
				PRODUCT_BUNDLE_IDENTIFIER = "com.new.Guess-The-TVSHOWUITests";
				PRODUCT_NAME = "$(TARGET_NAME)";
				SWIFT_EMIT_LOC_STRINGS = NO;
				SWIFT_VERSION = 5.0;
				TARGETED_DEVICE_FAMILY = "1,2";
				TEST_TARGET_NAME = "Guess The TVSHOW";
			};
			name = Release;
		};
/* End XCBuildConfiguration section */

/* Begin XCConfigurationList section */
		2BC2FF132CEE54E70081D5BC /* Build configuration list for PBXProject "Guess The TVSHOW" */ = {
			isa = XCConfigurationList;
			buildConfigurations = (
				2BC2FF3A2CEE54EC0081D5BC /* Debug */,
				2BC2FF3B2CEE54EC0081D5BC /* Release */,
			);
			defaultConfigurationIsVisible = 0;
			defaultConfigurationName = Release;
		};
		2BC2FF3C2CEE54EC0081D5BC /* Build configuration list for PBXNativeTarget "Guess The TVSHOW" */ = {
			isa = XCConfigurationList;
			buildConfigurations = (
				2BC2FF3D2CEE54EC0081D5BC /* Debug */,
				2BC2FF3E2CEE54EC0081D5BC /* Release */,
			);
			defaultConfigurationIsVisible = 0;
			defaultConfigurationName = Release;
		};
		2BC2FF3F2CEE54EC0081D5BC /* Build configuration list for PBXNativeTarget "Guess The TVSHOWTests" */ = {
			isa = XCConfigurationList;
			buildConfigurations = (
				2BC2FF402CEE54EC0081D5BC /* Debug */,
				2BC2FF412CEE54EC0081D5BC /* Release */,
			);
			defaultConfigurationIsVisible = 0;
			defaultConfigurationName = Release;
		};
		2BC2FF422CEE54EC0081D5BC /* Build configuration list for PBXNativeTarget "Guess The TVSHOWUITests" */ = {
			isa = XCConfigurationList;
			buildConfigurations = (
				2BC2FF432CEE54EC0081D5BC /* Debug */,
				2BC2FF442CEE54EC0081D5BC /* Release */,
			);
			defaultConfigurationIsVisible = 0;
			defaultConfigurationName = Release;
		};
/* End XCConfigurationList section */
	};
	rootObject = 2BC2FF102CEE54E70081D5BC /* Project object */;
}
